
Microsoft Visual Studio Solution File, Format Version 12.00
# Visual Studio Version 16
VisualStudioVersion = 16.0.30621.155
MinimumVisualStudioVersion = 10.0.40219.1
Project("{FAE04EC0-301F-11D3-BF4B-00C04F79EFBC}") = "sampleApplication", "sampleApplication.csproj", "{F3F71878-7966-464C-A4B5-B8E2D832F501}"
EndProject
Global
	GlobalSection(SolutionConfigurationPlatforms) = preSolution
		Debug|Any CPU = Debug|Any CPU
		Release|Any CPU = Release|Any CPU
	EndGlobalSection
	GlobalSection(ProjectConfigurationPlatforms) = postSolution
		{F3F71878-7966-464C-A4B5-B8E2D832F501}.Debug|Any CPU.ActiveCfg = Debug|Any CPU
		{F3F71878-7966-464C-A4B5-B8E2D832F501}.Debug|Any CPU.Build.0 = Debug|Any CPU
		{F3F71878-7966-464C-A4B5-B8E2D832F501}.Release|Any CPU.ActiveCfg = Release|Any CPU
		{F3F71878-7966-464C-A4B5-B8E2D832F501}.Release|Any CPU.Build.0 = Release|Any CPU
	EndGlobalSection
	GlobalSection(SolutionProperties) = preSolution
		HideSolutionNode = FALSE
	EndGlobalSection
	GlobalSection(ExtensibilityGlobals) = postSolution
		SolutionGuid = {E96054A5-E479-4AC8-8FCF-C98AC9CECAA7}
	EndGlobalSection
EndGlobal
